// !$*UTF8*$!
{
	archiveVersion = 1;
	classes = {
	};
	objectVersion = 56;
	objects = {

/* Begin PBXBuildFile section */
		EC9A24BF2B6D0B4C00F77D11 /* AppDelegate.swift in Sources */ = {isa = PBXBuildFile; fileRef = EC9A24BE2B6D0B4C00F77D11 /* AppDelegate.swift */; };
		EC9A24C12B6D0B4C00F77D11 /* SceneDelegate.swift in Sources */ = {isa = PBXBuildFile; fileRef = EC9A24C02B6D0B4C00F77D11 /* SceneDelegate.swift */; };
		EC9A24C82B6D0B4E00F77D11 /* Assets.xcassets in Resources */ = {isa = PBXBuildFile; fileRef = EC9A24C72B6D0B4E00F77D11 /* Assets.xcassets */; };
		EC9A24CB2B6D0B4E00F77D11 /* LaunchScreen.storyboard in Resources */ = {isa = PBXBuildFile; fileRef = EC9A24C92B6D0B4E00F77D11 /* LaunchScreen.storyboard */; };
		EC9A24D62B6D0C9800F77D11 /* HomeViewController.swift in Sources */ = {isa = PBXBuildFile; fileRef = EC9A24D52B6D0C9800F77D11 /* HomeViewController.swift */; };
		EC9A24D82B6D0CAF00F77D11 /* SearchViewController.swift in Sources */ = {isa = PBXBuildFile; fileRef = EC9A24D72B6D0CAF00F77D11 /* SearchViewController.swift */; };
		EC9A24DA2B6D0CDF00F77D11 /* MypageViewController.swift in Sources */ = {isa = PBXBuildFile; fileRef = EC9A24D92B6D0CDF00F77D11 /* MypageViewController.swift */; };
		EC9A24DC2B6D0FCD00F77D11 /* HomeView.swift in Sources */ = {isa = PBXBuildFile; fileRef = EC9A24DB2B6D0FCD00F77D11 /* HomeView.swift */; };
		EC9A24DF2B6D11DA00F77D11 /* SnapKit in Frameworks */ = {isa = PBXBuildFile; productRef = EC9A24DE2B6D11DA00F77D11 /* SnapKit */; };
		EC9A24E12B6D11DA00F77D11 /* SnapKit-Dynamic in Frameworks */ = {isa = PBXBuildFile; productRef = EC9A24E02B6D11DA00F77D11 /* SnapKit-Dynamic */; };
		EC9A24E42B6D11E000F77D11 /* Kingfisher in Frameworks */ = {isa = PBXBuildFile; productRef = EC9A24E32B6D11E000F77D11 /* Kingfisher */; };
		EC9A24E72B6D11E700F77D11 /* Alamofire in Frameworks */ = {isa = PBXBuildFile; productRef = EC9A24E62B6D11E700F77D11 /* Alamofire */; };
		EC9A24E92B6D146E00F77D11 /* TrendingTableViewCell.swift in Sources */ = {isa = PBXBuildFile; fileRef = EC9A24E82B6D146E00F77D11 /* TrendingTableViewCell.swift */; };
		EC9A24EC2B6D1B9300F77D11 /* .gitignore in Resources */ = {isa = PBXBuildFile; fileRef = EC9A24EB2B6D1B9300F77D11 /* .gitignore */; };
		EC9A24EE2B6D1BAB00F77D11 /* APIKey.swift in Sources */ = {isa = PBXBuildFile; fileRef = EC9A24ED2B6D1BAB00F77D11 /* APIKey.swift */; };
		EC9A24F02B6D1BF900F77D11 /* TMDBAPIManager.swift in Sources */ = {isa = PBXBuildFile; fileRef = EC9A24EF2B6D1BF900F77D11 /* TMDBAPIManager.swift */; };
		EC9A24F22B6D1C5500F77D11 /* TMDBAPI.swift in Sources */ = {isa = PBXBuildFile; fileRef = EC9A24F12B6D1C5500F77D11 /* TMDBAPI.swift */; };
		EC9A24F42B6D1DD400F77D11 /* TVModel.swift in Sources */ = {isa = PBXBuildFile; fileRef = EC9A24F32B6D1DD400F77D11 /* TVModel.swift */; };
		EC9A24F62B6D25BC00F77D11 /* HeaderView.swift in Sources */ = {isa = PBXBuildFile; fileRef = EC9A24F52B6D25BC00F77D11 /* HeaderView.swift */; };
		EC9A24F82B6E01AE00F77D11 /* TopAndPopularTableViewCell.swift in Sources */ = {isa = PBXBuildFile; fileRef = EC9A24F72B6E01AE00F77D11 /* TopAndPopularTableViewCell.swift */; };
		EC9A24FC2B6E043900F77D11 /* TopAndPopularCollectionViewCell.swift in Sources */ = {isa = PBXBuildFile; fileRef = EC9A24FB2B6E043900F77D11 /* TopAndPopularCollectionViewCell.swift */; };
		EC9A25012B6E113F00F77D11 /* HomeSection.swift in Sources */ = {isa = PBXBuildFile; fileRef = EC9A25002B6E113F00F77D11 /* HomeSection.swift */; };
		EC9A25032B6FA5A400F77D11 /* TrendingViewController.swift in Sources */ = {isa = PBXBuildFile; fileRef = EC9A25022B6FA5A400F77D11 /* TrendingViewController.swift */; };
/* End PBXBuildFile section */

/* Begin PBXFileReference section */
		EC9A24BB2B6D0B4C00F77D11 /* BolraeMalrae.app */ = {isa = PBXFileReference; explicitFileType = wrapper.application; includeInIndex = 0; path = BolraeMalrae.app; sourceTree = BUILT_PRODUCTS_DIR; };
		EC9A24BE2B6D0B4C00F77D11 /* AppDelegate.swift */ = {isa = PBXFileReference; lastKnownFileType = sourcecode.swift; path = AppDelegate.swift; sourceTree = "<group>"; };
		EC9A24C02B6D0B4C00F77D11 /* SceneDelegate.swift */ = {isa = PBXFileReference; lastKnownFileType = sourcecode.swift; path = SceneDelegate.swift; sourceTree = "<group>"; };
		EC9A24C72B6D0B4E00F77D11 /* Assets.xcassets */ = {isa = PBXFileReference; lastKnownFileType = folder.assetcatalog; path = Assets.xcassets; sourceTree = "<group>"; };
		EC9A24CA2B6D0B4E00F77D11 /* Base */ = {isa = PBXFileReference; lastKnownFileType = file.storyboard; name = Base; path = Base.lproj/LaunchScreen.storyboard; sourceTree = "<group>"; };
		EC9A24CC2B6D0B4E00F77D11 /* Info.plist */ = {isa = PBXFileReference; lastKnownFileType = text.plist.xml; path = Info.plist; sourceTree = "<group>"; };
		EC9A24D52B6D0C9800F77D11 /* HomeViewController.swift */ = {isa = PBXFileReference; lastKnownFileType = sourcecode.swift; path = HomeViewController.swift; sourceTree = "<group>"; };
		EC9A24D72B6D0CAF00F77D11 /* SearchViewController.swift */ = {isa = PBXFileReference; lastKnownFileType = sourcecode.swift; path = SearchViewController.swift; sourceTree = "<group>"; };
		EC9A24D92B6D0CDF00F77D11 /* MypageViewController.swift */ = {isa = PBXFileReference; lastKnownFileType = sourcecode.swift; path = MypageViewController.swift; sourceTree = "<group>"; };
		EC9A24DB2B6D0FCD00F77D11 /* HomeView.swift */ = {isa = PBXFileReference; lastKnownFileType = sourcecode.swift; path = HomeView.swift; sourceTree = "<group>"; };
		EC9A24E82B6D146E00F77D11 /* TrendingTableViewCell.swift */ = {isa = PBXFileReference; lastKnownFileType = sourcecode.swift; path = TrendingTableViewCell.swift; sourceTree = "<group>"; };
		EC9A24EB2B6D1B9300F77D11 /* .gitignore */ = {isa = PBXFileReference; lastKnownFileType = text; path = .gitignore; sourceTree = "<group>"; };
		EC9A24ED2B6D1BAB00F77D11 /* APIKey.swift */ = {isa = PBXFileReference; lastKnownFileType = sourcecode.swift; path = APIKey.swift; sourceTree = "<group>"; };
		EC9A24EF2B6D1BF900F77D11 /* TMDBAPIManager.swift */ = {isa = PBXFileReference; lastKnownFileType = sourcecode.swift; path = TMDBAPIManager.swift; sourceTree = "<group>"; };
		EC9A24F12B6D1C5500F77D11 /* TMDBAPI.swift */ = {isa = PBXFileReference; lastKnownFileType = sourcecode.swift; path = TMDBAPI.swift; sourceTree = "<group>"; };
		EC9A24F32B6D1DD400F77D11 /* TVModel.swift */ = {isa = PBXFileReference; lastKnownFileType = sourcecode.swift; path = TVModel.swift; sourceTree = "<group>"; };
		EC9A24F52B6D25BC00F77D11 /* HeaderView.swift */ = {isa = PBXFileReference; lastKnownFileType = sourcecode.swift; path = HeaderView.swift; sourceTree = "<group>"; };
		EC9A24F72B6E01AE00F77D11 /* TopAndPopularTableViewCell.swift */ = {isa = PBXFileReference; lastKnownFileType = sourcecode.swift; path = TopAndPopularTableViewCell.swift; sourceTree = "<group>"; };
		EC9A24FB2B6E043900F77D11 /* TopAndPopularCollectionViewCell.swift */ = {isa = PBXFileReference; lastKnownFileType = sourcecode.swift; path = TopAndPopularCollectionViewCell.swift; sourceTree = "<group>"; };
		EC9A25002B6E113F00F77D11 /* HomeSection.swift */ = {isa = PBXFileReference; lastKnownFileType = sourcecode.swift; path = HomeSection.swift; sourceTree = "<group>"; };
		EC9A25022B6FA5A400F77D11 /* TrendingViewController.swift */ = {isa = PBXFileReference; lastKnownFileType = sourcecode.swift; path = TrendingViewController.swift; sourceTree = "<group>"; };
/* End PBXFileReference section */

/* Begin PBXFrameworksBuildPhase section */
		EC9A24B82B6D0B4C00F77D11 /* Frameworks */ = {
			isa = PBXFrameworksBuildPhase;
			buildActionMask = 2147483647;
			files = (
				EC9A24E42B6D11E000F77D11 /* Kingfisher in Frameworks */,
				EC9A24E72B6D11E700F77D11 /* Alamofire in Frameworks */,
				EC9A24DF2B6D11DA00F77D11 /* SnapKit in Frameworks */,
				EC9A24E12B6D11DA00F77D11 /* SnapKit-Dynamic in Frameworks */,
			);
			runOnlyForDeploymentPostprocessing = 0;
		};
/* End PBXFrameworksBuildPhase section */

/* Begin PBXGroup section */
		EC9A24B22B6D0B4C00F77D11 = {
			isa = PBXGroup;
			children = (
				EC9A24EB2B6D1B9300F77D11 /* .gitignore */,
				EC9A24BD2B6D0B4C00F77D11 /* BolraeMalrae */,
				EC9A24BC2B6D0B4C00F77D11 /* Products */,
			);
			sourceTree = "<group>";
		};
		EC9A24BC2B6D0B4C00F77D11 /* Products */ = {
			isa = PBXGroup;
			children = (
				EC9A24BB2B6D0B4C00F77D11 /* BolraeMalrae.app */,
			);
			name = Products;
			sourceTree = "<group>";
		};
		EC9A24BD2B6D0B4C00F77D11 /* BolraeMalrae */ = {
			isa = PBXGroup;
			children = (
				EC9A24ED2B6D1BAB00F77D11 /* APIKey.swift */,
				EC9A24FD2B6E047000F77D11 /* Custom */,
				EC9A24EA2B6D1B7A00F77D11 /* Network */,
				EC9A24D22B6D0C5C00F77D11 /* Home */,
				EC9A24D32B6D0C6200F77D11 /* Search */,
				EC9A24D42B6D0C6C00F77D11 /* Mypage */,
				EC9A24BE2B6D0B4C00F77D11 /* AppDelegate.swift */,
				EC9A24C02B6D0B4C00F77D11 /* SceneDelegate.swift */,
				EC9A24C72B6D0B4E00F77D11 /* Assets.xcassets */,
				EC9A24C92B6D0B4E00F77D11 /* LaunchScreen.storyboard */,
				EC9A24CC2B6D0B4E00F77D11 /* Info.plist */,
			);
			path = BolraeMalrae;
			sourceTree = "<group>";
		};
		EC9A24D22B6D0C5C00F77D11 /* Home */ = {
			isa = PBXGroup;
			children = (
				EC9A24F52B6D25BC00F77D11 /* HeaderView.swift */,
				EC9A25002B6E113F00F77D11 /* HomeSection.swift */,
				EC9A24DB2B6D0FCD00F77D11 /* HomeView.swift */,
				EC9A24D52B6D0C9800F77D11 /* HomeViewController.swift */,
				EC9A24F92B6E033700F77D11 /* Trending */,
				EC9A24FA2B6E034B00F77D11 /* TopAndPopular */,
			);
			path = Home;
			sourceTree = "<group>";
		};
		EC9A24D32B6D0C6200F77D11 /* Search */ = {
			isa = PBXGroup;
			children = (
				EC9A24D72B6D0CAF00F77D11 /* SearchViewController.swift */,
			);
			path = Search;
			sourceTree = "<group>";
		};
		EC9A24D42B6D0C6C00F77D11 /* Mypage */ = {
			isa = PBXGroup;
			children = (
				EC9A24D92B6D0CDF00F77D11 /* MypageViewController.swift */,
			);
			path = Mypage;
			sourceTree = "<group>";
		};
		EC9A24EA2B6D1B7A00F77D11 /* Network */ = {
			isa = PBXGroup;
			children = (
				EC9A24F32B6D1DD400F77D11 /* TVModel.swift */,
				EC9A24F12B6D1C5500F77D11 /* TMDBAPI.swift */,
				EC9A24EF2B6D1BF900F77D11 /* TMDBAPIManager.swift */,
			);
			path = Network;
			sourceTree = "<group>";
		};
		EC9A24F92B6E033700F77D11 /* Trending */ = {
			isa = PBXGroup;
			children = (
				EC9A24E82B6D146E00F77D11 /* TrendingTableViewCell.swift */,
				EC9A25022B6FA5A400F77D11 /* TrendingViewController.swift */,
			);
			path = Trending;
			sourceTree = "<group>";
		};
		EC9A24FA2B6E034B00F77D11 /* TopAndPopular */ = {
			isa = PBXGroup;
			children = (
				EC9A24F72B6E01AE00F77D11 /* TopAndPopularTableViewCell.swift */,
				EC9A24FB2B6E043900F77D11 /* TopAndPopularCollectionViewCell.swift */,
			);
			path = TopAndPopular;
			sourceTree = "<group>";
		};
		EC9A24FD2B6E047000F77D11 /* Custom */ = {
			isa = PBXGroup;
			children = (
			);
			path = Custom;
			sourceTree = "<group>";
		};
/* End PBXGroup section */

/* Begin PBXNativeTarget section */
		EC9A24BA2B6D0B4C00F77D11 /* BolraeMalrae */ = {
			isa = PBXNativeTarget;
			buildConfigurationList = EC9A24CF2B6D0B4E00F77D11 /* Build configuration list for PBXNativeTarget "BolraeMalrae" */;
			buildPhases = (
				EC9A24B72B6D0B4C00F77D11 /* Sources */,
				EC9A24B82B6D0B4C00F77D11 /* Frameworks */,
				EC9A24B92B6D0B4C00F77D11 /* Resources */,
			);
			buildRules = (
			);
			dependencies = (
			);
			name = BolraeMalrae;
			packageProductDependencies = (
				EC9A24DE2B6D11DA00F77D11 /* SnapKit */,
				EC9A24E02B6D11DA00F77D11 /* SnapKit-Dynamic */,
				EC9A24E32B6D11E000F77D11 /* Kingfisher */,
				EC9A24E62B6D11E700F77D11 /* Alamofire */,
			);
			productName = BolraeMalrae;
			productReference = EC9A24BB2B6D0B4C00F77D11 /* BolraeMalrae.app */;
			productType = "com.apple.product-type.application";
		};
/* End PBXNativeTarget section */

/* Begin PBXProject section */
		EC9A24B32B6D0B4C00F77D11 /* Project object */ = {
			isa = PBXProject;
			attributes = {
				BuildIndependentTargetsInParallel = 1;
				LastSwiftUpdateCheck = 1520;
				LastUpgradeCheck = 1520;
				TargetAttributes = {
					EC9A24BA2B6D0B4C00F77D11 = {
						CreatedOnToolsVersion = 15.2;
					};
				};
			};
			buildConfigurationList = EC9A24B62B6D0B4C00F77D11 /* Build configuration list for PBXProject "BolraeMalrae" */;
			compatibilityVersion = "Xcode 14.0";
			developmentRegion = en;
			hasScannedForEncodings = 0;
			knownRegions = (
				en,
				Base,
			);
			mainGroup = EC9A24B22B6D0B4C00F77D11;
			packageReferences = (
				EC9A24DD2B6D11D900F77D11 /* XCRemoteSwiftPackageReference "SnapKit" */,
				EC9A24E22B6D11E000F77D11 /* XCRemoteSwiftPackageReference "Kingfisher" */,
				EC9A24E52B6D11E700F77D11 /* XCRemoteSwiftPackageReference "Alamofire" */,
			);
			productRefGroup = EC9A24BC2B6D0B4C00F77D11 /* Products */;
			projectDirPath = "";
			projectRoot = "";
			targets = (
				EC9A24BA2B6D0B4C00F77D11 /* BolraeMalrae */,
			);
		};
/* End PBXProject section */

/* Begin PBXResourcesBuildPhase section */
		EC9A24B92B6D0B4C00F77D11 /* Resources */ = {
			isa = PBXResourcesBuildPhase;
			buildActionMask = 2147483647;
			files = (
				EC9A24CB2B6D0B4E00F77D11 /* LaunchScreen.storyboard in Resources */,
				EC9A24EC2B6D1B9300F77D11 /* .gitignore in Resources */,
				EC9A24C82B6D0B4E00F77D11 /* Assets.xcassets in Resources */,
			);
			runOnlyForDeploymentPostprocessing = 0;
		};
/* End PBXResourcesBuildPhase section */

/* Begin PBXSourcesBuildPhase section */
		EC9A24B72B6D0B4C00F77D11 /* Sources */ = {
			isa = PBXSourcesBuildPhase;
			buildActionMask = 2147483647;
			files = (
				EC9A24F82B6E01AE00F77D11 /* TopAndPopularTableViewCell.swift in Sources */,
				EC9A25032B6FA5A400F77D11 /* TrendingViewController.swift in Sources */,
				EC9A24DA2B6D0CDF00F77D11 /* MypageViewController.swift in Sources */,
				EC9A24BF2B6D0B4C00F77D11 /* AppDelegate.swift in Sources */,
				EC9A24EE2B6D1BAB00F77D11 /* APIKey.swift in Sources */,
				EC9A24F42B6D1DD400F77D11 /* TVModel.swift in Sources */,
				EC9A24F22B6D1C5500F77D11 /* TMDBAPI.swift in Sources */,
				EC9A24C12B6D0B4C00F77D11 /* SceneDelegate.swift in Sources */,
				EC9A24F02B6D1BF900F77D11 /* TMDBAPIManager.swift in Sources */,
				EC9A24E92B6D146E00F77D11 /* TrendingTableViewCell.swift in Sources */,
				EC9A24DC2B6D0FCD00F77D11 /* HomeView.swift in Sources */,
				EC9A24FC2B6E043900F77D11 /* TopAndPopularCollectionViewCell.swift in Sources */,
				EC9A25012B6E113F00F77D11 /* HomeSection.swift in Sources */,
				EC9A24D82B6D0CAF00F77D11 /* SearchViewController.swift in Sources */,
				EC9A24F62B6D25BC00F77D11 /* HeaderView.swift in Sources */,
				EC9A24D62B6D0C9800F77D11 /* HomeViewController.swift in Sources */,
			);
			runOnlyForDeploymentPostprocessing = 0;
		};
/* End PBXSourcesBuildPhase section */

/* Begin PBXVariantGroup section */
		EC9A24C92B6D0B4E00F77D11 /* LaunchScreen.storyboard */ = {
			isa = PBXVariantGroup;
			children = (
				EC9A24CA2B6D0B4E00F77D11 /* Base */,
			);
			name = LaunchScreen.storyboard;
			sourceTree = "<group>";
		};
/* End PBXVariantGroup section */

/* Begin XCBuildConfiguration section */
		EC9A24CD2B6D0B4E00F77D11 /* Debug */ = {
			isa = XCBuildConfiguration;
			buildSettings = {
				ALWAYS_SEARCH_USER_PATHS = NO;
				ASSETCATALOG_COMPILER_GENERATE_SWIFT_ASSET_SYMBOL_EXTENSIONS = YES;
				CLANG_ANALYZER_NONNULL = YES;
				CLANG_ANALYZER_NUMBER_OBJECT_CONVERSION = YES_AGGRESSIVE;
				CLANG_CXX_LANGUAGE_STANDARD = "gnu++20";
				CLANG_ENABLE_MODULES = YES;
				CLANG_ENABLE_OBJC_ARC = YES;
				CLANG_ENABLE_OBJC_WEAK = YES;
				CLANG_WARN_BLOCK_CAPTURE_AUTORELEASING = YES;
				CLANG_WARN_BOOL_CONVERSION = YES;
				CLANG_WARN_COMMA = YES;
				CLANG_WARN_CONSTANT_CONVERSION = YES;
				CLANG_WARN_DEPRECATED_OBJC_IMPLEMENTATIONS = YES;
				CLANG_WARN_DIRECT_OBJC_ISA_USAGE = YES_ERROR;
				CLANG_WARN_DOCUMENTATION_COMMENTS = YES;
				CLANG_WARN_EMPTY_BODY = YES;
				CLANG_WARN_ENUM_CONVERSION = YES;
				CLANG_WARN_INFINITE_RECURSION = YES;
				CLANG_WARN_INT_CONVERSION = YES;
				CLANG_WARN_NON_LITERAL_NULL_CONVERSION = YES;
				CLANG_WARN_OBJC_IMPLICIT_RETAIN_SELF = YES;
				CLANG_WARN_OBJC_LITERAL_CONVERSION = YES;
				CLANG_WARN_OBJC_ROOT_CLASS = YES_ERROR;
				CLANG_WARN_QUOTED_INCLUDE_IN_FRAMEWORK_HEADER = YES;
				CLANG_WARN_RANGE_LOOP_ANALYSIS = YES;
				CLANG_WARN_STRICT_PROTOTYPES = YES;
				CLANG_WARN_SUSPICIOUS_MOVE = YES;
				CLANG_WARN_UNGUARDED_AVAILABILITY = YES_AGGRESSIVE;
				CLANG_WARN_UNREACHABLE_CODE = YES;
				CLANG_WARN__DUPLICATE_METHOD_MATCH = YES;
				COPY_PHASE_STRIP = NO;
				DEBUG_INFORMATION_FORMAT = dwarf;
				ENABLE_STRICT_OBJC_MSGSEND = YES;
				ENABLE_TESTABILITY = YES;
				ENABLE_USER_SCRIPT_SANDBOXING = YES;
				GCC_C_LANGUAGE_STANDARD = gnu17;
				GCC_DYNAMIC_NO_PIC = NO;
				GCC_NO_COMMON_BLOCKS = YES;
				GCC_OPTIMIZATION_LEVEL = 0;
				GCC_PREPROCESSOR_DEFINITIONS = (
					"DEBUG=1",
					"$(inherited)",
				);
				GCC_WARN_64_TO_32_BIT_CONVERSION = YES;
				GCC_WARN_ABOUT_RETURN_TYPE = YES_ERROR;
				GCC_WARN_UNDECLARED_SELECTOR = YES;
				GCC_WARN_UNINITIALIZED_AUTOS = YES_AGGRESSIVE;
				GCC_WARN_UNUSED_FUNCTION = YES;
				GCC_WARN_UNUSED_VARIABLE = YES;
				IPHONEOS_DEPLOYMENT_TARGET = 17.2;
				LOCALIZATION_PREFERS_STRING_CATALOGS = YES;
				MTL_ENABLE_DEBUG_INFO = INCLUDE_SOURCE;
				MTL_FAST_MATH = YES;
				ONLY_ACTIVE_ARCH = YES;
				SDKROOT = iphoneos;
				SWIFT_ACTIVE_COMPILATION_CONDITIONS = "DEBUG $(inherited)";
				SWIFT_OPTIMIZATION_LEVEL = "-Onone";
			};
			name = Debug;
		};
		EC9A24CE2B6D0B4E00F77D11 /* Release */ = {
			isa = XCBuildConfiguration;
			buildSettings = {
				ALWAYS_SEARCH_USER_PATHS = NO;
				ASSETCATALOG_COMPILER_GENERATE_SWIFT_ASSET_SYMBOL_EXTENSIONS = YES;
				CLANG_ANALYZER_NONNULL = YES;
				CLANG_ANALYZER_NUMBER_OBJECT_CONVERSION = YES_AGGRESSIVE;
				CLANG_CXX_LANGUAGE_STANDARD = "gnu++20";
				CLANG_ENABLE_MODULES = YES;
				CLANG_ENABLE_OBJC_ARC = YES;
				CLANG_ENABLE_OBJC_WEAK = YES;
				CLANG_WARN_BLOCK_CAPTURE_AUTORELEASING = YES;
				CLANG_WARN_BOOL_CONVERSION = YES;
				CLANG_WARN_COMMA = YES;
				CLANG_WARN_CONSTANT_CONVERSION = YES;
				CLANG_WARN_DEPRECATED_OBJC_IMPLEMENTATIONS = YES;
				CLANG_WARN_DIRECT_OBJC_ISA_USAGE = YES_ERROR;
				CLANG_WARN_DOCUMENTATION_COMMENTS = YES;
				CLANG_WARN_EMPTY_BODY = YES;
				CLANG_WARN_ENUM_CONVERSION = YES;
				CLANG_WARN_INFINITE_RECURSION = YES;
				CLANG_WARN_INT_CONVERSION = YES;
				CLANG_WARN_NON_LITERAL_NULL_CONVERSION = YES;
				CLANG_WARN_OBJC_IMPLICIT_RETAIN_SELF = YES;
				CLANG_WARN_OBJC_LITERAL_CONVERSION = YES;
				CLANG_WARN_OBJC_ROOT_CLASS = YES_ERROR;
				CLANG_WARN_QUOTED_INCLUDE_IN_FRAMEWORK_HEADER = YES;
				CLANG_WARN_RANGE_LOOP_ANALYSIS = YES;
				CLANG_WARN_STRICT_PROTOTYPES = YES;
				CLANG_WARN_SUSPICIOUS_MOVE = YES;
				CLANG_WARN_UNGUARDED_AVAILABILITY = YES_AGGRESSIVE;
				CLANG_WARN_UNREACHABLE_CODE = YES;
				CLANG_WARN__DUPLICATE_METHOD_MATCH = YES;
				COPY_PHASE_STRIP = NO;
				DEBUG_INFORMATION_FORMAT = "dwarf-with-dsym";
				ENABLE_NS_ASSERTIONS = NO;
				ENABLE_STRICT_OBJC_MSGSEND = YES;
				ENABLE_USER_SCRIPT_SANDBOXING = YES;
				GCC_C_LANGUAGE_STANDARD = gnu17;
				GCC_NO_COMMON_BLOCKS = YES;
				GCC_WARN_64_TO_32_BIT_CONVERSION = YES;
				GCC_WARN_ABOUT_RETURN_TYPE = YES_ERROR;
				GCC_WARN_UNDECLARED_SELECTOR = YES;
				GCC_WARN_UNINITIALIZED_AUTOS = YES_AGGRESSIVE;
				GCC_WARN_UNUSED_FUNCTION = YES;
				GCC_WARN_UNUSED_VARIABLE = YES;
				IPHONEOS_DEPLOYMENT_TARGET = 17.2;
				LOCALIZATION_PREFERS_STRING_CATALOGS = YES;
				MTL_ENABLE_DEBUG_INFO = NO;
				MTL_FAST_MATH = YES;
				SDKROOT = iphoneos;
				SWIFT_COMPILATION_MODE = wholemodule;
				VALIDATE_PRODUCT = YES;
			};
			name = Release;
		};
		EC9A24D02B6D0B4E00F77D11 /* Debug */ = {
			isa = XCBuildConfiguration;
			buildSettings = {
				ASSETCATALOG_COMPILER_APPICON_NAME = AppIcon;
				ASSETCATALOG_COMPILER_GLOBAL_ACCENT_COLOR_NAME = AccentColor;
				CODE_SIGN_STYLE = Automatic;
				CURRENT_PROJECT_VERSION = 1;
				GENERATE_INFOPLIST_FILE = YES;
				INFOPLIST_FILE = BolraeMalrae/Info.plist;
				INFOPLIST_KEY_CFBundleDisplayName = "볼래말래";
				INFOPLIST_KEY_UIApplicationSupportsIndirectInputEvents = YES;
				INFOPLIST_KEY_UILaunchStoryboardName = LaunchScreen;
				INFOPLIST_KEY_UIMainStoryboardFile = "";
				INFOPLIST_KEY_UISupportedInterfaceOrientations = UIInterfaceOrientationPortrait;
				INFOPLIST_KEY_UISupportedInterfaceOrientations_iPad = "UIInterfaceOrientationLandscapeLeft UIInterfaceOrientationLandscapeRight UIInterfaceOrientationPortrait UIInterfaceOrientationPortraitUpsideDown";
				LD_RUNPATH_SEARCH_PATHS = (
					"$(inherited)",
					"@executable_path/Frameworks",
				);
				MARKETING_VERSION = 1.0;
				PRODUCT_BUNDLE_IDENTIFIER = com.olrae.BolraeMalrae;
				PRODUCT_NAME = "$(TARGET_NAME)";
				SUPPORTED_PLATFORMS = "iphoneos iphonesimulator";
				SUPPORTS_MACCATALYST = NO;
				SUPPORTS_MAC_DESIGNED_FOR_IPHONE_IPAD = NO;
				SUPPORTS_XR_DESIGNED_FOR_IPHONE_IPAD = NO;
				SWIFT_EMIT_LOC_STRINGS = YES;
				SWIFT_VERSION = 5.0;
				TARGETED_DEVICE_FAMILY = 1;
			};
			name = Debug;
		};
		EC9A24D12B6D0B4E00F77D11 /* Release */ = {
			isa = XCBuildConfiguration;
			buildSettings = {
				ASSETCATALOG_COMPILER_APPICON_NAME = AppIcon;
				ASSETCATALOG_COMPILER_GLOBAL_ACCENT_COLOR_NAME = AccentColor;
				CODE_SIGN_STYLE = Automatic;
				CURRENT_PROJECT_VERSION = 1;
				GENERATE_INFOPLIST_FILE = YES;
				INFOPLIST_FILE = BolraeMalrae/Info.plist;
				INFOPLIST_KEY_CFBundleDisplayName = "볼래말래";
				INFOPLIST_KEY_UIApplicationSupportsIndirectInputEvents = YES;
				INFOPLIST_KEY_UILaunchStoryboardName = LaunchScreen;
				INFOPLIST_KEY_UIMainStoryboardFile = "";
				INFOPLIST_KEY_UISupportedInterfaceOrientations = UIInterfaceOrientationPortrait;
				INFOPLIST_KEY_UISupportedInterfaceOrientations_iPad = "UIInterfaceOrientationLandscapeLeft UIInterfaceOrientationLandscapeRight UIInterfaceOrientationPortrait UIInterfaceOrientationPortraitUpsideDown";
				LD_RUNPATH_SEARCH_PATHS = (
					"$(inherited)",
					"@executable_path/Frameworks",
				);
				MARKETING_VERSION = 1.0;
				PRODUCT_BUNDLE_IDENTIFIER = com.olrae.BolraeMalrae;
				PRODUCT_NAME = "$(TARGET_NAME)";
				SUPPORTED_PLATFORMS = "iphoneos iphonesimulator";
				SUPPORTS_MACCATALYST = NO;
				SUPPORTS_MAC_DESIGNED_FOR_IPHONE_IPAD = NO;
				SUPPORTS_XR_DESIGNED_FOR_IPHONE_IPAD = NO;
				SWIFT_EMIT_LOC_STRINGS = YES;
				SWIFT_VERSION = 5.0;
				TARGETED_DEVICE_FAMILY = 1;
			};
			name = Release;
		};
/* End XCBuildConfiguration section */

/* Begin XCConfigurationList section */
		EC9A24B62B6D0B4C00F77D11 /* Build configuration list for PBXProject "BolraeMalrae" */ = {
			isa = XCConfigurationList;
			buildConfigurations = (
				EC9A24CD2B6D0B4E00F77D11 /* Debug */,
				EC9A24CE2B6D0B4E00F77D11 /* Release */,
			);
			defaultConfigurationIsVisible = 0;
			defaultConfigurationName = Release;
		};
		EC9A24CF2B6D0B4E00F77D11 /* Build configuration list for PBXNativeTarget "BolraeMalrae" */ = {
			isa = XCConfigurationList;
			buildConfigurations = (
				EC9A24D02B6D0B4E00F77D11 /* Debug */,
				EC9A24D12B6D0B4E00F77D11 /* Release */,
			);
			defaultConfigurationIsVisible = 0;
			defaultConfigurationName = Release;
		};
/* End XCConfigurationList section */

/* Begin XCRemoteSwiftPackageReference section */
		EC9A24DD2B6D11D900F77D11 /* XCRemoteSwiftPackageReference "SnapKit" */ = {
			isa = XCRemoteSwiftPackageReference;
			repositoryURL = "https://github.com/SnapKit/SnapKit.git";
			requirement = {
				kind = upToNextMajorVersion;
				minimumVersion = 5.7.0;
			};
		};
		EC9A24E22B6D11E000F77D11 /* XCRemoteSwiftPackageReference "Kingfisher" */ = {
			isa = XCRemoteSwiftPackageReference;
			repositoryURL = "https://github.com/onevcat/Kingfisher.git";
			requirement = {
				kind = upToNextMajorVersion;
				minimumVersion = 7.10.2;
			};
		};
		EC9A24E52B6D11E700F77D11 /* XCRemoteSwiftPackageReference "Alamofire" */ = {
			isa = XCRemoteSwiftPackageReference;
			repositoryURL = "https://github.com/Alamofire/Alamofire.git";
			requirement = {
				kind = upToNextMajorVersion;
				minimumVersion = 5.8.1;
			};
		};
/* End XCRemoteSwiftPackageReference section */

/* Begin XCSwiftPackageProductDependency section */
		EC9A24DE2B6D11DA00F77D11 /* SnapKit */ = {
			isa = XCSwiftPackageProductDependency;
			package = EC9A24DD2B6D11D900F77D11 /* XCRemoteSwiftPackageReference "SnapKit" */;
			productName = SnapKit;
		};
		EC9A24E02B6D11DA00F77D11 /* SnapKit-Dynamic */ = {
			isa = XCSwiftPackageProductDependency;
			package = EC9A24DD2B6D11D900F77D11 /* XCRemoteSwiftPackageReference "SnapKit" */;
			productName = "SnapKit-Dynamic";
		};
		EC9A24E32B6D11E000F77D11 /* Kingfisher */ = {
			isa = XCSwiftPackageProductDependency;
			package = EC9A24E22B6D11E000F77D11 /* XCRemoteSwiftPackageReference "Kingfisher" */;
			productName = Kingfisher;
		};
		EC9A24E62B6D11E700F77D11 /* Alamofire */ = {
			isa = XCSwiftPackageProductDependency;
			package = EC9A24E52B6D11E700F77D11 /* XCRemoteSwiftPackageReference "Alamofire" */;
			productName = Alamofire;
		};
/* End XCSwiftPackageProductDependency section */
	};
	rootObject = EC9A24B32B6D0B4C00F77D11 /* Project object */;
}
